
Microsoft Visual Studio Solution File, Format Version 12.00
# Visual Studio Version 17
VisualStudioVersion = 17.11.35327.3
MinimumVisualStudioVersion = 10.0.40219.1
Project("{FAE04EC0-301F-11D3-BF4B-00C04F79EFBC}") = "ApacheKafka.OrderApi", "ApacheKafka.OrderApi\ApacheKafka.OrderApi.csproj", "{977E69C8-CC76-46CB-80B8-20B2605AFD1A}"
EndProject
Project("{FAE04EC0-301F-11D3-BF4B-00C04F79EFBC}") = "ApacheKafka.ProductApi", "ApacheKafka.ProductApi\ApacheKafka.ProductApi.csproj", "{6E1CDC1D-8CF2-44B0-B164-67533ABC9897}"
EndProject
Project("{FAE04EC0-301F-11D3-BF4B-00C04F79EFBC}") = "Shared", "Shared\Shared.csproj", "{D95065F5-322A-49E9-B5D8-F1044A4DDBEB}"
EndProject
Global
	GlobalSection(SolutionConfigurationPlatforms) = preSolution
		Debug|Any CPU = Debug|Any CPU
		Release|Any CPU = Release|Any CPU
	EndGlobalSection
	GlobalSection(ProjectConfigurationPlatforms) = postSolution
		{977E69C8-CC76-46CB-80B8-20B2605AFD1A}.Debug|Any CPU.ActiveCfg = Debug|Any CPU
		{977E69C8-CC76-46CB-80B8-20B2605AFD1A}.Debug|Any CPU.Build.0 = Debug|Any CPU
		{977E69C8-CC76-46CB-80B8-20B2605AFD1A}.Release|Any CPU.ActiveCfg = Release|Any CPU
		{977E69C8-CC76-46CB-80B8-20B2605AFD1A}.Release|Any CPU.Build.0 = Release|Any CPU
		{6E1CDC1D-8CF2-44B0-B164-67533ABC9897}.Debug|Any CPU.ActiveCfg = Debug|Any CPU
		{6E1CDC1D-8CF2-44B0-B164-67533ABC9897}.Debug|Any CPU.Build.0 = Debug|Any CPU
		{6E1CDC1D-8CF2-44B0-B164-67533ABC9897}.Release|Any CPU.ActiveCfg = Release|Any CPU
		{6E1CDC1D-8CF2-44B0-B164-67533ABC9897}.Release|Any CPU.Build.0 = Release|Any CPU
		{D95065F5-322A-49E9-B5D8-F1044A4DDBEB}.Debug|Any CPU.ActiveCfg = Debug|Any CPU
		{D95065F5-322A-49E9-B5D8-F1044A4DDBEB}.Debug|Any CPU.Build.0 = Debug|Any CPU
		{D95065F5-322A-49E9-B5D8-F1044A4DDBEB}.Release|Any CPU.ActiveCfg = Release|Any CPU
		{D95065F5-322A-49E9-B5D8-F1044A4DDBEB}.Release|Any CPU.Build.0 = Release|Any CPU
	EndGlobalSection
	GlobalSection(SolutionProperties) = preSolution
		HideSolutionNode = FALSE
	EndGlobalSection
	GlobalSection(ExtensibilityGlobals) = postSolution
		SolutionGuid = {AE0D64A2-0668-4933-892B-5B85B87CAB22}
	EndGlobalSection
EndGlobal
